// !$*UTF8*$!
{
	archiveVersion = 1;
	classes = {
	};
	objectVersion = 56;
	objects = {

/* Begin PBXBuildFile section */
		0890C6C42B9DBD4E00CC1392 /* GFStackView.swift in Sources */ = {isa = PBXBuildFile; fileRef = 0890C6C32B9DBD4E00CC1392 /* GFStackView.swift */; };
		0890C6C62B9E143A00CC1392 /* Helper.swift in Sources */ = {isa = PBXBuildFile; fileRef = 0890C6C52B9E143A00CC1392 /* Helper.swift */; };
		08D5B9C72B9EFE760067153D /* OrderVC.swift in Sources */ = {isa = PBXBuildFile; fileRef = 08D5B9C62B9EFE760067153D /* OrderVC.swift */; };
		08D5B9C92B9F3A3A0067153D /* GFSegmentControl.swift in Sources */ = {isa = PBXBuildFile; fileRef = 08D5B9C82B9F3A3A0067153D /* GFSegmentControl.swift */; };
		08D5B9CB2B9F54A10067153D /* ListCell.swift in Sources */ = {isa = PBXBuildFile; fileRef = 08D5B9CA2B9F54A10067153D /* ListCell.swift */; };
		08D5B9CD2BA044460067153D /* PaymentCell.swift in Sources */ = {isa = PBXBuildFile; fileRef = 08D5B9CC2BA044460067153D /* PaymentCell.swift */; };
		08D5B9CF2BA07BDA0067153D /* GFScrollView.swift in Sources */ = {isa = PBXBuildFile; fileRef = 08D5B9CE2BA07BDA0067153D /* GFScrollView.swift */; };
		08D5B9D12BA07CCB0067153D /* DeliveryCell.swift in Sources */ = {isa = PBXBuildFile; fileRef = 08D5B9D02BA07CCB0067153D /* DeliveryCell.swift */; };
		08D5B9D32BA09DD00067153D /* OrderCell.swift in Sources */ = {isa = PBXBuildFile; fileRef = 08D5B9D22BA09DD00067153D /* OrderCell.swift */; };
		08D5B9D52BA1C70A0067153D /* AlertVC.swift in Sources */ = {isa = PBXBuildFile; fileRef = 08D5B9D42BA1C70A0067153D /* AlertVC.swift */; };
		08EC99522B8F86090082BEF5 /* AppDelegate.swift in Sources */ = {isa = PBXBuildFile; fileRef = 08EC99512B8F86090082BEF5 /* AppDelegate.swift */; };
		08EC99542B8F86090082BEF5 /* SceneDelegate.swift in Sources */ = {isa = PBXBuildFile; fileRef = 08EC99532B8F86090082BEF5 /* SceneDelegate.swift */; };
		08EC995B2B8F860A0082BEF5 /* Assets.xcassets in Resources */ = {isa = PBXBuildFile; fileRef = 08EC995A2B8F860A0082BEF5 /* Assets.xcassets */; };
		08EC995E2B8F860A0082BEF5 /* LaunchScreen.storyboard in Resources */ = {isa = PBXBuildFile; fileRef = 08EC995C2B8F860A0082BEF5 /* LaunchScreen.storyboard */; };
		08EC99662B8F87250082BEF5 /* HomeVC.swift in Sources */ = {isa = PBXBuildFile; fileRef = 08EC99652B8F87250082BEF5 /* HomeVC.swift */; };
		08EC99682B8F98080082BEF5 /* HomeCell1.swift in Sources */ = {isa = PBXBuildFile; fileRef = 08EC99672B8F98080082BEF5 /* HomeCell1.swift */; };
		08EC996A2B8F9FA90082BEF5 /* GFTitleLabel.swift in Sources */ = {isa = PBXBuildFile; fileRef = 08EC99692B8F9FA90082BEF5 /* GFTitleLabel.swift */; };
		08EC99712B8FB43B0082BEF5 /* GFImage.swift in Sources */ = {isa = PBXBuildFile; fileRef = 08EC99702B8FB43A0082BEF5 /* GFImage.swift */; };
		08EC99792B90B4EE0082BEF5 /* GFError.swift in Sources */ = {isa = PBXBuildFile; fileRef = 08EC99782B90B4EE0082BEF5 /* GFError.swift */; };
		08EC99802B91FE660082BEF5 /* GFView.swift in Sources */ = {isa = PBXBuildFile; fileRef = 08EC997F2B91FE660082BEF5 /* GFView.swift */; };
		08EC99832B9218650082BEF5 /* GFTabBarController.swift in Sources */ = {isa = PBXBuildFile; fileRef = 08EC99822B9218650082BEF5 /* GFTabBarController.swift */; };
		08EC99852B921A7D0082BEF5 /* FavoriteVC.swift in Sources */ = {isa = PBXBuildFile; fileRef = 08EC99842B921A7D0082BEF5 /* FavoriteVC.swift */; };
		08EC99872B925BF80082BEF5 /* EntryVC.swift in Sources */ = {isa = PBXBuildFile; fileRef = 08EC99862B925BF80082BEF5 /* EntryVC.swift */; };
		08EC99892B925F5D0082BEF5 /* GFLabelButton.swift in Sources */ = {isa = PBXBuildFile; fileRef = 08EC99882B925F5D0082BEF5 /* GFLabelButton.swift */; };
		08EC998B2B9265F80082BEF5 /* GFSecondaryTitleLabel.swift in Sources */ = {isa = PBXBuildFile; fileRef = 08EC998A2B9265F80082BEF5 /* GFSecondaryTitleLabel.swift */; };
		08EC998D2B946F960082BEF5 /* HomeCell2.swift in Sources */ = {isa = PBXBuildFile; fileRef = 08EC998C2B946F960082BEF5 /* HomeCell2.swift */; };
		08EC99942B94BBC60082BEF5 /* GFTextField.swift in Sources */ = {isa = PBXBuildFile; fileRef = 08EC99932B94BBC60082BEF5 /* GFTextField.swift */; };
		08EC99962B95C02B0082BEF5 /* GFButtonLabel.swift in Sources */ = {isa = PBXBuildFile; fileRef = 08EC99952B95C02B0082BEF5 /* GFButtonLabel.swift */; };
		08EC99982B95C54C0082BEF5 /* HomeCell3.swift in Sources */ = {isa = PBXBuildFile; fileRef = 08EC99972B95C54C0082BEF5 /* HomeCell3.swift */; };
		08EC99CB2B9869E90082BEF5 /* MockData.swift in Sources */ = {isa = PBXBuildFile; fileRef = 08EC99CA2B9869E90082BEF5 /* MockData.swift */; };
		08EC99CD2B9B07C40082BEF5 /* DetailVC.swift in Sources */ = {isa = PBXBuildFile; fileRef = 08EC99CC2B9B07C40082BEF5 /* DetailVC.swift */; };
/* End PBXBuildFile section */

/* Begin PBXFileReference section */
		0890C6C32B9DBD4E00CC1392 /* GFStackView.swift */ = {isa = PBXFileReference; lastKnownFileType = sourcecode.swift; path = GFStackView.swift; sourceTree = "<group>"; };
		0890C6C52B9E143A00CC1392 /* Helper.swift */ = {isa = PBXFileReference; lastKnownFileType = sourcecode.swift; path = Helper.swift; sourceTree = "<group>"; };
		08D5B9C62B9EFE760067153D /* OrderVC.swift */ = {isa = PBXFileReference; lastKnownFileType = sourcecode.swift; path = OrderVC.swift; sourceTree = "<group>"; };
		08D5B9C82B9F3A3A0067153D /* GFSegmentControl.swift */ = {isa = PBXFileReference; lastKnownFileType = sourcecode.swift; path = GFSegmentControl.swift; sourceTree = "<group>"; };
		08D5B9CA2B9F54A10067153D /* ListCell.swift */ = {isa = PBXFileReference; lastKnownFileType = sourcecode.swift; path = ListCell.swift; sourceTree = "<group>"; };
		08D5B9CC2BA044460067153D /* PaymentCell.swift */ = {isa = PBXFileReference; lastKnownFileType = sourcecode.swift; path = PaymentCell.swift; sourceTree = "<group>"; };
		08D5B9CE2BA07BDA0067153D /* GFScrollView.swift */ = {isa = PBXFileReference; lastKnownFileType = sourcecode.swift; path = GFScrollView.swift; sourceTree = "<group>"; };
		08D5B9D02BA07CCB0067153D /* DeliveryCell.swift */ = {isa = PBXFileReference; lastKnownFileType = sourcecode.swift; path = DeliveryCell.swift; sourceTree = "<group>"; };
		08D5B9D22BA09DD00067153D /* OrderCell.swift */ = {isa = PBXFileReference; lastKnownFileType = sourcecode.swift; path = OrderCell.swift; sourceTree = "<group>"; };
		08D5B9D42BA1C70A0067153D /* AlertVC.swift */ = {isa = PBXFileReference; lastKnownFileType = sourcecode.swift; path = AlertVC.swift; sourceTree = "<group>"; };
		08EC994E2B8F86090082BEF5 /* Programatic Project.app */ = {isa = PBXFileReference; explicitFileType = wrapper.application; includeInIndex = 0; path = "Programatic Project.app"; sourceTree = BUILT_PRODUCTS_DIR; };
		08EC99512B8F86090082BEF5 /* AppDelegate.swift */ = {isa = PBXFileReference; lastKnownFileType = sourcecode.swift; path = AppDelegate.swift; sourceTree = "<group>"; };
		08EC99532B8F86090082BEF5 /* SceneDelegate.swift */ = {isa = PBXFileReference; lastKnownFileType = sourcecode.swift; path = SceneDelegate.swift; sourceTree = "<group>"; };
		08EC995A2B8F860A0082BEF5 /* Assets.xcassets */ = {isa = PBXFileReference; lastKnownFileType = folder.assetcatalog; path = Assets.xcassets; sourceTree = "<group>"; };
		08EC995D2B8F860A0082BEF5 /* Base */ = {isa = PBXFileReference; lastKnownFileType = file.storyboard; name = Base; path = Base.lproj/LaunchScreen.storyboard; sourceTree = "<group>"; };
		08EC995F2B8F860A0082BEF5 /* Info.plist */ = {isa = PBXFileReference; lastKnownFileType = text.plist.xml; path = Info.plist; sourceTree = "<group>"; };
		08EC99652B8F87250082BEF5 /* HomeVC.swift */ = {isa = PBXFileReference; lastKnownFileType = sourcecode.swift; path = HomeVC.swift; sourceTree = "<group>"; };
		08EC99672B8F98080082BEF5 /* HomeCell1.swift */ = {isa = PBXFileReference; lastKnownFileType = sourcecode.swift; path = HomeCell1.swift; sourceTree = "<group>"; };
		08EC99692B8F9FA90082BEF5 /* GFTitleLabel.swift */ = {isa = PBXFileReference; lastKnownFileType = sourcecode.swift; path = GFTitleLabel.swift; sourceTree = "<group>"; };
		08EC99702B8FB43A0082BEF5 /* GFImage.swift */ = {isa = PBXFileReference; lastKnownFileType = sourcecode.swift; path = GFImage.swift; sourceTree = "<group>"; };
		08EC99782B90B4EE0082BEF5 /* GFError.swift */ = {isa = PBXFileReference; lastKnownFileType = sourcecode.swift; path = GFError.swift; sourceTree = "<group>"; };
		08EC997F2B91FE660082BEF5 /* GFView.swift */ = {isa = PBXFileReference; lastKnownFileType = sourcecode.swift; path = GFView.swift; sourceTree = "<group>"; };
		08EC99822B9218650082BEF5 /* GFTabBarController.swift */ = {isa = PBXFileReference; lastKnownFileType = sourcecode.swift; path = GFTabBarController.swift; sourceTree = "<group>"; };
		08EC99842B921A7D0082BEF5 /* FavoriteVC.swift */ = {isa = PBXFileReference; lastKnownFileType = sourcecode.swift; path = FavoriteVC.swift; sourceTree = "<group>"; };
		08EC99862B925BF80082BEF5 /* EntryVC.swift */ = {isa = PBXFileReference; lastKnownFileType = sourcecode.swift; path = EntryVC.swift; sourceTree = "<group>"; };
		08EC99882B925F5D0082BEF5 /* GFLabelButton.swift */ = {isa = PBXFileReference; lastKnownFileType = sourcecode.swift; path = GFLabelButton.swift; sourceTree = "<group>"; };
		08EC998A2B9265F80082BEF5 /* GFSecondaryTitleLabel.swift */ = {isa = PBXFileReference; fileEncoding = 4; lastKnownFileType = sourcecode.swift; path = GFSecondaryTitleLabel.swift; sourceTree = "<group>"; };
		08EC998C2B946F960082BEF5 /* HomeCell2.swift */ = {isa = PBXFileReference; lastKnownFileType = sourcecode.swift; path = HomeCell2.swift; sourceTree = "<group>"; };
		08EC99932B94BBC60082BEF5 /* GFTextField.swift */ = {isa = PBXFileReference; lastKnownFileType = sourcecode.swift; path = GFTextField.swift; sourceTree = "<group>"; };
		08EC99952B95C02B0082BEF5 /* GFButtonLabel.swift */ = {isa = PBXFileReference; lastKnownFileType = sourcecode.swift; path = GFButtonLabel.swift; sourceTree = "<group>"; };
		08EC99972B95C54C0082BEF5 /* HomeCell3.swift */ = {isa = PBXFileReference; lastKnownFileType = sourcecode.swift; path = HomeCell3.swift; sourceTree = "<group>"; };
		08EC99CA2B9869E90082BEF5 /* MockData.swift */ = {isa = PBXFileReference; lastKnownFileType = sourcecode.swift; path = MockData.swift; sourceTree = "<group>"; };
		08EC99CC2B9B07C40082BEF5 /* DetailVC.swift */ = {isa = PBXFileReference; lastKnownFileType = sourcecode.swift; path = DetailVC.swift; sourceTree = "<group>"; };
/* End PBXFileReference section */

/* Begin PBXFrameworksBuildPhase section */
		08EC994B2B8F86090082BEF5 /* Frameworks */ = {
			isa = PBXFrameworksBuildPhase;
			buildActionMask = 2147483647;
			files = (
			);
			runOnlyForDeploymentPostprocessing = 0;
		};
/* End PBXFrameworksBuildPhase section */

/* Begin PBXGroup section */
		08EC99452B8F86090082BEF5 = {
			isa = PBXGroup;
			children = (
				08EC99502B8F86090082BEF5 /* Programatic Project */,
				08EC994F2B8F86090082BEF5 /* Products */,
			);
			sourceTree = "<group>";
		};
		08EC994F2B8F86090082BEF5 /* Products */ = {
			isa = PBXGroup;
			children = (
				08EC994E2B8F86090082BEF5 /* Programatic Project.app */,
			);
			name = Products;
			sourceTree = "<group>";
		};
		08EC99502B8F86090082BEF5 /* Programatic Project */ = {
			isa = PBXGroup;
			children = (
				08EC99812B92182D0082BEF5 /* TabbarControllers */,
				08EC99732B8FBDED0082BEF5 /* Support */,
				08EC99772B90B4D10082BEF5 /* Utilities */,
				08EC99742B90B4190082BEF5 /* Managers */,
				08EC996F2B8FAAF70082BEF5 /* Model */,
				08EC996C2B8FAA7F0082BEF5 /* GF  */,
				08EC996B2B8FAA750082BEF5 /* Cell */,
				08EC99722B8FB91A0082BEF5 /* Screens */,
				08EC995F2B8F860A0082BEF5 /* Info.plist */,
			);
			path = "Programatic Project";
			sourceTree = "<group>";
		};
		08EC996B2B8FAA750082BEF5 /* Cell */ = {
			isa = PBXGroup;
			children = (
				08EC99672B8F98080082BEF5 /* HomeCell1.swift */,
				08EC998C2B946F960082BEF5 /* HomeCell2.swift */,
				08EC99972B95C54C0082BEF5 /* HomeCell3.swift */,
				08D5B9D02BA07CCB0067153D /* DeliveryCell.swift */,
				08D5B9CA2B9F54A10067153D /* ListCell.swift */,
				08D5B9CC2BA044460067153D /* PaymentCell.swift */,
				08D5B9D22BA09DD00067153D /* OrderCell.swift */,
			);
			path = Cell;
			sourceTree = "<group>";
		};
		08EC996C2B8FAA7F0082BEF5 /* GF  */ = {
			isa = PBXGroup;
			children = (
				08EC997E2B91FE340082BEF5 /* Views */,
				08EC99692B8F9FA90082BEF5 /* GFTitleLabel.swift */,
				08EC99702B8FB43A0082BEF5 /* GFImage.swift */,
				08EC99932B94BBC60082BEF5 /* GFTextField.swift */,
				08EC998A2B9265F80082BEF5 /* GFSecondaryTitleLabel.swift */,
				08EC99952B95C02B0082BEF5 /* GFButtonLabel.swift */,
				08EC99882B925F5D0082BEF5 /* GFLabelButton.swift */,
				0890C6C32B9DBD4E00CC1392 /* GFStackView.swift */,
				08D5B9C82B9F3A3A0067153D /* GFSegmentControl.swift */,
				08D5B9CE2BA07BDA0067153D /* GFScrollView.swift */,
			);
			path = "GF ";
			sourceTree = "<group>";
		};
		08EC996F2B8FAAF70082BEF5 /* Model */ = {
			isa = PBXGroup;
			children = (
				08EC99CA2B9869E90082BEF5 /* MockData.swift */,
			);
			path = Model;
			sourceTree = "<group>";
		};
		08EC99722B8FB91A0082BEF5 /* Screens */ = {
			isa = PBXGroup;
			children = (
				08EC99862B925BF80082BEF5 /* EntryVC.swift */,
				08EC99652B8F87250082BEF5 /* HomeVC.swift */,
				08EC99CC2B9B07C40082BEF5 /* DetailVC.swift */,
				08D5B9C62B9EFE760067153D /* OrderVC.swift */,
				08D5B9D42BA1C70A0067153D /* AlertVC.swift */,
				08EC99842B921A7D0082BEF5 /* FavoriteVC.swift */,
			);
			path = Screens;
			sourceTree = "<group>";
		};
		08EC99732B8FBDED0082BEF5 /* Support */ = {
			isa = PBXGroup;
			children = (
				08EC99512B8F86090082BEF5 /* AppDelegate.swift */,
				08EC99532B8F86090082BEF5 /* SceneDelegate.swift */,
				08EC995C2B8F860A0082BEF5 /* LaunchScreen.storyboard */,
				08EC995A2B8F860A0082BEF5 /* Assets.xcassets */,
			);
			path = Support;
			sourceTree = "<group>";
		};
		08EC99742B90B4190082BEF5 /* Managers */ = {
			isa = PBXGroup;
			children = (
			);
			path = Managers;
			sourceTree = "<group>";
		};
		08EC99772B90B4D10082BEF5 /* Utilities */ = {
			isa = PBXGroup;
			children = (
				08EC99782B90B4EE0082BEF5 /* GFError.swift */,
				0890C6C52B9E143A00CC1392 /* Helper.swift */,
			);
			path = Utilities;
			sourceTree = "<group>";
		};
		08EC997E2B91FE340082BEF5 /* Views */ = {
			isa = PBXGroup;
			children = (
				08EC997F2B91FE660082BEF5 /* GFView.swift */,
			);
			path = Views;
			sourceTree = "<group>";
		};
		08EC99812B92182D0082BEF5 /* TabbarControllers */ = {
			isa = PBXGroup;
			children = (
				08EC99822B9218650082BEF5 /* GFTabBarController.swift */,
			);
			path = TabbarControllers;
			sourceTree = "<group>";
		};
/* End PBXGroup section */

/* Begin PBXNativeTarget section */
		08EC994D2B8F86090082BEF5 /* Programatic Project */ = {
			isa = PBXNativeTarget;
			buildConfigurationList = 08EC99622B8F860A0082BEF5 /* Build configuration list for PBXNativeTarget "Programatic Project" */;
			buildPhases = (
				08EC994A2B8F86090082BEF5 /* Sources */,
				08EC994B2B8F86090082BEF5 /* Frameworks */,
				08EC994C2B8F86090082BEF5 /* Resources */,
			);
			buildRules = (
			);
			dependencies = (
			);
			name = "Programatic Project";
			productName = "Programatic Project";
			productReference = 08EC994E2B8F86090082BEF5 /* Programatic Project.app */;
			productType = "com.apple.product-type.application";
		};
/* End PBXNativeTarget section */

/* Begin PBXProject section */
		08EC99462B8F86090082BEF5 /* Project object */ = {
			isa = PBXProject;
			attributes = {
				BuildIndependentTargetsInParallel = 1;
				LastSwiftUpdateCheck = 1520;
				LastUpgradeCheck = 1520;
				TargetAttributes = {
					08EC994D2B8F86090082BEF5 = {
						CreatedOnToolsVersion = 15.2;
					};
				};
			};
			buildConfigurationList = 08EC99492B8F86090082BEF5 /* Build configuration list for PBXProject "Programatic Project" */;
			compatibilityVersion = "Xcode 14.0";
			developmentRegion = en;
			hasScannedForEncodings = 0;
			knownRegions = (
				en,
				Base,
			);
			mainGroup = 08EC99452B8F86090082BEF5;
			productRefGroup = 08EC994F2B8F86090082BEF5 /* Products */;
			projectDirPath = "";
			projectRoot = "";
			targets = (
				08EC994D2B8F86090082BEF5 /* Programatic Project */,
			);
		};
/* End PBXProject section */

/* Begin PBXResourcesBuildPhase section */
		08EC994C2B8F86090082BEF5 /* Resources */ = {
			isa = PBXResourcesBuildPhase;
			buildActionMask = 2147483647;
			files = (
				08EC995E2B8F860A0082BEF5 /* LaunchScreen.storyboard in Resources */,
				08EC995B2B8F860A0082BEF5 /* Assets.xcassets in Resources */,
			);
			runOnlyForDeploymentPostprocessing = 0;
		};
/* End PBXResourcesBuildPhase section */

/* Begin PBXSourcesBuildPhase section */
		08EC994A2B8F86090082BEF5 /* Sources */ = {
			isa = PBXSourcesBuildPhase;
			buildActionMask = 2147483647;
			files = (
				08D5B9D12BA07CCB0067153D /* DeliveryCell.swift in Sources */,
				08EC99942B94BBC60082BEF5 /* GFTextField.swift in Sources */,
				08EC99852B921A7D0082BEF5 /* FavoriteVC.swift in Sources */,
				08EC99662B8F87250082BEF5 /* HomeVC.swift in Sources */,
				08EC99CD2B9B07C40082BEF5 /* DetailVC.swift in Sources */,
				08D5B9D52BA1C70A0067153D /* AlertVC.swift in Sources */,
				08EC99712B8FB43B0082BEF5 /* GFImage.swift in Sources */,
				08EC99872B925BF80082BEF5 /* EntryVC.swift in Sources */,
				08EC99792B90B4EE0082BEF5 /* GFError.swift in Sources */,
				08EC99522B8F86090082BEF5 /* AppDelegate.swift in Sources */,
				0890C6C62B9E143A00CC1392 /* Helper.swift in Sources */,
				08D5B9D32BA09DD00067153D /* OrderCell.swift in Sources */,
				08EC99682B8F98080082BEF5 /* HomeCell1.swift in Sources */,
				08D5B9CD2BA044460067153D /* PaymentCell.swift in Sources */,
				08EC99CB2B9869E90082BEF5 /* MockData.swift in Sources */,
				08EC99962B95C02B0082BEF5 /* GFButtonLabel.swift in Sources */,
				08EC998B2B9265F80082BEF5 /* GFSecondaryTitleLabel.swift in Sources */,
				08EC99802B91FE660082BEF5 /* GFView.swift in Sources */,
				08EC996A2B8F9FA90082BEF5 /* GFTitleLabel.swift in Sources */,
				08EC99542B8F86090082BEF5 /* SceneDelegate.swift in Sources */,
				08D5B9C92B9F3A3A0067153D /* GFSegmentControl.swift in Sources */,
				08EC99982B95C54C0082BEF5 /* HomeCell3.swift in Sources */,
				08EC99832B9218650082BEF5 /* GFTabBarController.swift in Sources */,
				08D5B9CF2BA07BDA0067153D /* GFScrollView.swift in Sources */,
				08EC99892B925F5D0082BEF5 /* GFLabelButton.swift in Sources */,
				08D5B9C72B9EFE760067153D /* OrderVC.swift in Sources */,
				0890C6C42B9DBD4E00CC1392 /* GFStackView.swift in Sources */,
				08D5B9CB2B9F54A10067153D /* ListCell.swift in Sources */,
				08EC998D2B946F960082BEF5 /* HomeCell2.swift in Sources */,
			);
			runOnlyForDeploymentPostprocessing = 0;
		};
/* End PBXSourcesBuildPhase section */

/* Begin PBXVariantGroup section */
		08EC995C2B8F860A0082BEF5 /* LaunchScreen.storyboard */ = {
			isa = PBXVariantGroup;
			children = (
				08EC995D2B8F860A0082BEF5 /* Base */,
			);
			name = LaunchScreen.storyboard;
			sourceTree = "<group>";
		};
/* End PBXVariantGroup section */

/* Begin XCBuildConfiguration section */
		08EC99602B8F860A0082BEF5 /* Debug */ = {
			isa = XCBuildConfiguration;
			buildSettings = {
				ALWAYS_SEARCH_USER_PATHS = NO;
				ASSETCATALOG_COMPILER_GENERATE_SWIFT_ASSET_SYMBOL_EXTENSIONS = YES;
				CLANG_ANALYZER_NONNULL = YES;
				CLANG_ANALYZER_NUMBER_OBJECT_CONVERSION = YES_AGGRESSIVE;
				CLANG_CXX_LANGUAGE_STANDARD = "gnu++20";
				CLANG_ENABLE_MODULES = YES;
				CLANG_ENABLE_OBJC_ARC = YES;
				CLANG_ENABLE_OBJC_WEAK = YES;
				CLANG_WARN_BLOCK_CAPTURE_AUTORELEASING = YES;
				CLANG_WARN_BOOL_CONVERSION = YES;
				CLANG_WARN_COMMA = YES;
				CLANG_WARN_CONSTANT_CONVERSION = YES;
				CLANG_WARN_DEPRECATED_OBJC_IMPLEMENTATIONS = YES;
				CLANG_WARN_DIRECT_OBJC_ISA_USAGE = YES_ERROR;
				CLANG_WARN_DOCUMENTATION_COMMENTS = YES;
				CLANG_WARN_EMPTY_BODY = YES;
				CLANG_WARN_ENUM_CONVERSION = YES;
				CLANG_WARN_INFINITE_RECURSION = YES;
				CLANG_WARN_INT_CONVERSION = YES;
				CLANG_WARN_NON_LITERAL_NULL_CONVERSION = YES;
				CLANG_WARN_OBJC_IMPLICIT_RETAIN_SELF = YES;
				CLANG_WARN_OBJC_LITERAL_CONVERSION = YES;
				CLANG_WARN_OBJC_ROOT_CLASS = YES_ERROR;
				CLANG_WARN_QUOTED_INCLUDE_IN_FRAMEWORK_HEADER = YES;
				CLANG_WARN_RANGE_LOOP_ANALYSIS = YES;
				CLANG_WARN_STRICT_PROTOTYPES = YES;
				CLANG_WARN_SUSPICIOUS_MOVE = YES;
				CLANG_WARN_UNGUARDED_AVAILABILITY = YES_AGGRESSIVE;
				CLANG_WARN_UNREACHABLE_CODE = YES;
				CLANG_WARN__DUPLICATE_METHOD_MATCH = YES;
				COPY_PHASE_STRIP = NO;
				DEBUG_INFORMATION_FORMAT = dwarf;
				ENABLE_STRICT_OBJC_MSGSEND = YES;
				ENABLE_TESTABILITY = YES;
				ENABLE_USER_SCRIPT_SANDBOXING = YES;
				GCC_C_LANGUAGE_STANDARD = gnu17;
				GCC_DYNAMIC_NO_PIC = NO;
				GCC_NO_COMMON_BLOCKS = YES;
				GCC_OPTIMIZATION_LEVEL = 0;
				GCC_PREPROCESSOR_DEFINITIONS = (
					"DEBUG=1",
					"$(inherited)",
				);
				GCC_WARN_64_TO_32_BIT_CONVERSION = YES;
				GCC_WARN_ABOUT_RETURN_TYPE = YES_ERROR;
				GCC_WARN_UNDECLARED_SELECTOR = YES;
				GCC_WARN_UNINITIALIZED_AUTOS = YES_AGGRESSIVE;
				GCC_WARN_UNUSED_FUNCTION = YES;
				GCC_WARN_UNUSED_VARIABLE = YES;
				IPHONEOS_DEPLOYMENT_TARGET = 17.2;
				LOCALIZATION_PREFERS_STRING_CATALOGS = YES;
				MTL_ENABLE_DEBUG_INFO = INCLUDE_SOURCE;
				MTL_FAST_MATH = YES;
				ONLY_ACTIVE_ARCH = YES;
				SDKROOT = iphoneos;
				SWIFT_ACTIVE_COMPILATION_CONDITIONS = "DEBUG $(inherited)";
				SWIFT_OPTIMIZATION_LEVEL = "-Onone";
			};
			name = Debug;
		};
		08EC99612B8F860A0082BEF5 /* Release */ = {
			isa = XCBuildConfiguration;
			buildSettings = {
				ALWAYS_SEARCH_USER_PATHS = NO;
				ASSETCATALOG_COMPILER_GENERATE_SWIFT_ASSET_SYMBOL_EXTENSIONS = YES;
				CLANG_ANALYZER_NONNULL = YES;
				CLANG_ANALYZER_NUMBER_OBJECT_CONVERSION = YES_AGGRESSIVE;
				CLANG_CXX_LANGUAGE_STANDARD = "gnu++20";
				CLANG_ENABLE_MODULES = YES;
				CLANG_ENABLE_OBJC_ARC = YES;
				CLANG_ENABLE_OBJC_WEAK = YES;
				CLANG_WARN_BLOCK_CAPTURE_AUTORELEASING = YES;
				CLANG_WARN_BOOL_CONVERSION = YES;
				CLANG_WARN_COMMA = YES;
				CLANG_WARN_CONSTANT_CONVERSION = YES;
				CLANG_WARN_DEPRECATED_OBJC_IMPLEMENTATIONS = YES;
				CLANG_WARN_DIRECT_OBJC_ISA_USAGE = YES_ERROR;
				CLANG_WARN_DOCUMENTATION_COMMENTS = YES;
				CLANG_WARN_EMPTY_BODY = YES;
				CLANG_WARN_ENUM_CONVERSION = YES;
				CLANG_WARN_INFINITE_RECURSION = YES;
				CLANG_WARN_INT_CONVERSION = YES;
				CLANG_WARN_NON_LITERAL_NULL_CONVERSION = YES;
				CLANG_WARN_OBJC_IMPLICIT_RETAIN_SELF = YES;
				CLANG_WARN_OBJC_LITERAL_CONVERSION = YES;
				CLANG_WARN_OBJC_ROOT_CLASS = YES_ERROR;
				CLANG_WARN_QUOTED_INCLUDE_IN_FRAMEWORK_HEADER = YES;
				CLANG_WARN_RANGE_LOOP_ANALYSIS = YES;
				CLANG_WARN_STRICT_PROTOTYPES = YES;
				CLANG_WARN_SUSPICIOUS_MOVE = YES;
				CLANG_WARN_UNGUARDED_AVAILABILITY = YES_AGGRESSIVE;
				CLANG_WARN_UNREACHABLE_CODE = YES;
				CLANG_WARN__DUPLICATE_METHOD_MATCH = YES;
				COPY_PHASE_STRIP = NO;
				DEBUG_INFORMATION_FORMAT = "dwarf-with-dsym";
				ENABLE_NS_ASSERTIONS = NO;
				ENABLE_STRICT_OBJC_MSGSEND = YES;
				ENABLE_USER_SCRIPT_SANDBOXING = YES;
				GCC_C_LANGUAGE_STANDARD = gnu17;
				GCC_NO_COMMON_BLOCKS = YES;
				GCC_WARN_64_TO_32_BIT_CONVERSION = YES;
				GCC_WARN_ABOUT_RETURN_TYPE = YES_ERROR;
				GCC_WARN_UNDECLARED_SELECTOR = YES;
				GCC_WARN_UNINITIALIZED_AUTOS = YES_AGGRESSIVE;
				GCC_WARN_UNUSED_FUNCTION = YES;
				GCC_WARN_UNUSED_VARIABLE = YES;
				IPHONEOS_DEPLOYMENT_TARGET = 17.2;
				LOCALIZATION_PREFERS_STRING_CATALOGS = YES;
				MTL_ENABLE_DEBUG_INFO = NO;
				MTL_FAST_MATH = YES;
				SDKROOT = iphoneos;
				SWIFT_COMPILATION_MODE = wholemodule;
				VALIDATE_PRODUCT = YES;
			};
			name = Release;
		};
		08EC99632B8F860A0082BEF5 /* Debug */ = {
			isa = XCBuildConfiguration;
			buildSettings = {
				ASSETCATALOG_COMPILER_APPICON_NAME = AppIcon;
				ASSETCATALOG_COMPILER_GLOBAL_ACCENT_COLOR_NAME = AccentColor;
				CODE_SIGN_STYLE = Automatic;
				CURRENT_PROJECT_VERSION = 1;
				DEVELOPMENT_TEAM = 4HM89MKD36;
				GENERATE_INFOPLIST_FILE = YES;
				INFOPLIST_FILE = "Programatic Project/Info.plist";
				INFOPLIST_KEY_UIApplicationSupportsIndirectInputEvents = YES;
				INFOPLIST_KEY_UILaunchStoryboardName = LaunchScreen;
				INFOPLIST_KEY_UISupportedInterfaceOrientations = UIInterfaceOrientationPortrait;
				IPHONEOS_DEPLOYMENT_TARGET = 17.4;
				LD_RUNPATH_SEARCH_PATHS = (
					"$(inherited)",
					"@executable_path/Frameworks",
				);
				MARKETING_VERSION = 1.0;
				PRODUCT_BUNDLE_IDENTIFIER = "food.com.Programatic-Project";
				PRODUCT_NAME = "$(TARGET_NAME)";
				SUPPORTED_PLATFORMS = "iphoneos iphonesimulator";
				SUPPORTS_MACCATALYST = NO;
				SUPPORTS_MAC_DESIGNED_FOR_IPHONE_IPAD = NO;
				SUPPORTS_XR_DESIGNED_FOR_IPHONE_IPAD = NO;
				SWIFT_EMIT_LOC_STRINGS = YES;
				SWIFT_VERSION = 5.0;
				TARGETED_DEVICE_FAMILY = 1;
			};
			name = Debug;
		};
		08EC99642B8F860A0082BEF5 /* Release */ = {
			isa = XCBuildConfiguration;
			buildSettings = {
				ASSETCATALOG_COMPILER_APPICON_NAME = AppIcon;
				ASSETCATALOG_COMPILER_GLOBAL_ACCENT_COLOR_NAME = AccentColor;
				CODE_SIGN_STYLE = Automatic;
				CURRENT_PROJECT_VERSION = 1;
				DEVELOPMENT_TEAM = 4HM89MKD36;
				GENERATE_INFOPLIST_FILE = YES;
				INFOPLIST_FILE = "Programatic Project/Info.plist";
				INFOPLIST_KEY_UIApplicationSupportsIndirectInputEvents = YES;
				INFOPLIST_KEY_UILaunchStoryboardName = LaunchScreen;
				INFOPLIST_KEY_UISupportedInterfaceOrientations = UIInterfaceOrientationPortrait;
				IPHONEOS_DEPLOYMENT_TARGET = 17.4;
				LD_RUNPATH_SEARCH_PATHS = (
					"$(inherited)",
					"@executable_path/Frameworks",
				);
				MARKETING_VERSION = 1.0;
				PRODUCT_BUNDLE_IDENTIFIER = "food.com.Programatic-Project";
				PRODUCT_NAME = "$(TARGET_NAME)";
				SUPPORTED_PLATFORMS = "iphoneos iphonesimulator";
				SUPPORTS_MACCATALYST = NO;
				SUPPORTS_MAC_DESIGNED_FOR_IPHONE_IPAD = NO;
				SUPPORTS_XR_DESIGNED_FOR_IPHONE_IPAD = NO;
				SWIFT_EMIT_LOC_STRINGS = YES;
				SWIFT_VERSION = 5.0;
				TARGETED_DEVICE_FAMILY = 1;
			};
			name = Release;
		};
/* End XCBuildConfiguration section */

/* Begin XCConfigurationList section */
		08EC99492B8F86090082BEF5 /* Build configuration list for PBXProject "Programatic Project" */ = {
			isa = XCConfigurationList;
			buildConfigurations = (
				08EC99602B8F860A0082BEF5 /* Debug */,
				08EC99612B8F860A0082BEF5 /* Release */,
			);
			defaultConfigurationIsVisible = 0;
			defaultConfigurationName = Release;
		};
		08EC99622B8F860A0082BEF5 /* Build configuration list for PBXNativeTarget "Programatic Project" */ = {
			isa = XCConfigurationList;
			buildConfigurations = (
				08EC99632B8F860A0082BEF5 /* Debug */,
				08EC99642B8F860A0082BEF5 /* Release */,
			);
			defaultConfigurationIsVisible = 0;
			defaultConfigurationName = Release;
		};
/* End XCConfigurationList section */
	};
	rootObject = 08EC99462B8F86090082BEF5 /* Project object */;
}
